
Microsoft Visual Studio Solution File, Format Version 12.00
# Visual Studio Version 17
VisualStudioVersion = 17.11.35219.272
MinimumVisualStudioVersion = 10.0.40219.1
Project("{FAE04EC0-301F-11D3-BF4B-00C04F79EFBC}") = "ExpenseApplication", "ExpenseApplication.csproj", "{E9493B49-03FD-4AAB-938E-C931B83F5FE5}"
EndProject
Global
	GlobalSection(SolutionConfigurationPlatforms) = preSolution
		Debug|Any CPU = Debug|Any CPU
		Release|Any CPU = Release|Any CPU
	EndGlobalSection
	GlobalSection(ProjectConfigurationPlatforms) = postSolution
		{E9493B49-03FD-4AAB-938E-C931B83F5FE5}.Debug|Any CPU.ActiveCfg = Debug|Any CPU
		{E9493B49-03FD-4AAB-938E-C931B83F5FE5}.Debug|Any CPU.Build.0 = Debug|Any CPU
		{E9493B49-03FD-4AAB-938E-C931B83F5FE5}.Release|Any CPU.ActiveCfg = Release|Any CPU
		{E9493B49-03FD-4AAB-938E-C931B83F5FE5}.Release|Any CPU.Build.0 = Release|Any CPU
	EndGlobalSection
	GlobalSection(SolutionProperties) = preSolution
		HideSolutionNode = FALSE
	EndGlobalSection
	GlobalSection(ExtensibilityGlobals) = postSolution
		SolutionGuid = {7145691B-E877-4E00-8E21-02151489B8B5}
	EndGlobalSection
EndGlobal
